
Microsoft Visual Studio Solution File, Format Version 11.00
# Visual Studio 2010
# SharpDevelop 5.1
Project("{FAE04EC0-301F-11D3-BF4B-00C04F79EFBC}") = "B&W 2 Hidden Grotto & Swarm tool", "BW2_hiddengrotto_swarm_tool\BW2_hiddengrotto_swarm_tool.csproj", "{04D6AB64-012D-4427-BE84-9589CF2D3103}"
EndProject
Global
	GlobalSection(SolutionConfigurationPlatforms) = preSolution
		Debug|Any CPU = Debug|Any CPU
		Release|Any CPU = Release|Any CPU
	EndGlobalSection
	GlobalSection(ProjectConfigurationPlatforms) = postSolution
		{04D6AB64-012D-4427-BE84-9589CF2D3103}.Debug|Any CPU.ActiveCfg = Debug|Any CPU
		{04D6AB64-012D-4427-BE84-9589CF2D3103}.Debug|Any CPU.Build.0 = Debug|Any CPU
		{04D6AB64-012D-4427-BE84-9589CF2D3103}.Release|Any CPU.ActiveCfg = Release|Any CPU
		{04D6AB64-012D-4427-BE84-9589CF2D3103}.Release|Any CPU.Build.0 = Release|Any CPU
	EndGlobalSection
EndGlobal
